
Microsoft Visual Studio Solution File, Format Version 12.00
# Visual Studio 2013
VisualStudioVersion = 12.0.30501.0
MinimumVisualStudioVersion = 10.0.40219.1
Project("{FAE04EC0-301F-11D3-BF4B-00C04F79EFBC}") = "F2F.ReactiveNavigation", "F2F.ReactiveNavigation\F2F.ReactiveNavigation.csproj", "{1B1BCC6B-D785-4E13-8B22-97C76495878D}"
EndProject
Project("{FAE04EC0-301F-11D3-BF4B-00C04F79EFBC}") = "F2F.ReactiveNavigation.UnitTests", "F2F.ReactiveNavigation.UnitTests\F2F.ReactiveNavigation.UnitTests.csproj", "{B260BE38-58CD-4F5B-A608-76A9BF375FCB}"
EndProject
Project("{2150E333-8FDC-42A3-9474-1A3956D46DE8}") = ".nuget", ".nuget", "{14F5B226-4207-43C7-AF98-BB589FBA6DF9}"
	ProjectSection(SolutionItems) = preProject
		.nuget\NuGet.Config = .nuget\NuGet.Config
		.nuget\NuGet.exe = .nuget\NuGet.exe
		.nuget\NuGet.targets = .nuget\NuGet.targets
	EndProjectSection
EndProject
Project("{FAE04EC0-301F-11D3-BF4B-00C04F79EFBC}") = "F2F.ReactiveNavigation.WPF", "F2F.ReactiveNavigation.WPF\F2F.ReactiveNavigation.WPF.csproj", "{CC6E76BC-3970-4155-8BE6-90A0316745A8}"
EndProject
Project("{FAE04EC0-301F-11D3-BF4B-00C04F79EFBC}") = "F2F.WPF.Sample", "Samples\F2F.WPF.Sample\F2F.WPF.Sample.csproj", "{1A939031-992D-47FE-9832-F10A1E637CBB}"
EndProject
Project("{2150E333-8FDC-42A3-9474-1A3956D46DE8}") = "Samples", "Samples", "{B83489D0-D11D-4F76-8674-54BA6C3E3F23}"
EndProject
Project("{2150E333-8FDC-42A3-9474-1A3956D46DE8}") = "Portable", "Portable", "{7B28AAF1-C0F2-4580-B975-17D52CC6E0F3}"
EndProject
Project("{2150E333-8FDC-42A3-9474-1A3956D46DE8}") = "Platform", "Platform", "{7A27132F-ACAA-49CB-82AA-3C73CC9581A0}"
EndProject
Project("{2150E333-8FDC-42A3-9474-1A3956D46DE8}") = "WPF", "WPF", "{D8E37EBD-A303-4DDD-AAA7-C9F0EB350E74}"
EndProject
Global
	GlobalSection(SolutionConfigurationPlatforms) = preSolution
		Debug|Any CPU = Debug|Any CPU
		Release|Any CPU = Release|Any CPU
	EndGlobalSection
	GlobalSection(ProjectConfigurationPlatforms) = postSolution
		{1B1BCC6B-D785-4E13-8B22-97C76495878D}.Debug|Any CPU.ActiveCfg = Debug|Any CPU
		{1B1BCC6B-D785-4E13-8B22-97C76495878D}.Debug|Any CPU.Build.0 = Debug|Any CPU
		{1B1BCC6B-D785-4E13-8B22-97C76495878D}.Release|Any CPU.ActiveCfg = Release|Any CPU
		{1B1BCC6B-D785-4E13-8B22-97C76495878D}.Release|Any CPU.Build.0 = Release|Any CPU
		{B260BE38-58CD-4F5B-A608-76A9BF375FCB}.Debug|Any CPU.ActiveCfg = Debug|Any CPU
		{B260BE38-58CD-4F5B-A608-76A9BF375FCB}.Debug|Any CPU.Build.0 = Debug|Any CPU
		{B260BE38-58CD-4F5B-A608-76A9BF375FCB}.Release|Any CPU.ActiveCfg = Release|Any CPU
		{B260BE38-58CD-4F5B-A608-76A9BF375FCB}.Release|Any CPU.Build.0 = Release|Any CPU
		{CC6E76BC-3970-4155-8BE6-90A0316745A8}.Debug|Any CPU.ActiveCfg = Debug|Any CPU
		{CC6E76BC-3970-4155-8BE6-90A0316745A8}.Debug|Any CPU.Build.0 = Debug|Any CPU
		{CC6E76BC-3970-4155-8BE6-90A0316745A8}.Release|Any CPU.ActiveCfg = Release|Any CPU
		{CC6E76BC-3970-4155-8BE6-90A0316745A8}.Release|Any CPU.Build.0 = Release|Any CPU
		{1A939031-992D-47FE-9832-F10A1E637CBB}.Debug|Any CPU.ActiveCfg = Debug|Any CPU
		{1A939031-992D-47FE-9832-F10A1E637CBB}.Debug|Any CPU.Build.0 = Debug|Any CPU
		{1A939031-992D-47FE-9832-F10A1E637CBB}.Release|Any CPU.ActiveCfg = Release|Any CPU
		{1A939031-992D-47FE-9832-F10A1E637CBB}.Release|Any CPU.Build.0 = Release|Any CPU
	EndGlobalSection
	GlobalSection(SolutionProperties) = preSolution
		HideSolutionNode = FALSE
	EndGlobalSection
	GlobalSection(NestedProjects) = preSolution
		{1B1BCC6B-D785-4E13-8B22-97C76495878D} = {7B28AAF1-C0F2-4580-B975-17D52CC6E0F3}
		{B260BE38-58CD-4F5B-A608-76A9BF375FCB} = {7B28AAF1-C0F2-4580-B975-17D52CC6E0F3}
		{CC6E76BC-3970-4155-8BE6-90A0316745A8} = {D8E37EBD-A303-4DDD-AAA7-C9F0EB350E74}
		{1A939031-992D-47FE-9832-F10A1E637CBB} = {B83489D0-D11D-4F76-8674-54BA6C3E3F23}
		{D8E37EBD-A303-4DDD-AAA7-C9F0EB350E74} = {7A27132F-ACAA-49CB-82AA-3C73CC9581A0}
	EndGlobalSection
EndGlobal
